
Microsoft Visual Studio Solution File, Format Version 12.00
# Visual Studio Version 16
VisualStudioVersion = 16.0.31515.178
MinimumVisualStudioVersion = 10.0.40219.1
Project("{FAE04EC0-301F-11D3-BF4B-00C04F79EFBC}") = "Computadora", "Computadora\Computadora.csproj", "{4534F4C9-CA02-4437-81B6-949B9D8C1960}"
EndProject
Global
	GlobalSection(SolutionConfigurationPlatforms) = preSolution
		Debug|Any CPU = Debug|Any CPU
		Release|Any CPU = Release|Any CPU
	EndGlobalSection
	GlobalSection(ProjectConfigurationPlatforms) = postSolution
		{4534F4C9-CA02-4437-81B6-949B9D8C1960}.Debug|Any CPU.ActiveCfg = Debug|Any CPU
		{4534F4C9-CA02-4437-81B6-949B9D8C1960}.Debug|Any CPU.Build.0 = Debug|Any CPU
		{4534F4C9-CA02-4437-81B6-949B9D8C1960}.Release|Any CPU.ActiveCfg = Release|Any CPU
		{4534F4C9-CA02-4437-81B6-949B9D8C1960}.Release|Any CPU.Build.0 = Release|Any CPU
	EndGlobalSection
	GlobalSection(SolutionProperties) = preSolution
		HideSolutionNode = FALSE
	EndGlobalSection
	GlobalSection(ExtensibilityGlobals) = postSolution
		SolutionGuid = {7951FB66-19B9-47D6-B780-7482B78C899F}
	EndGlobalSection
EndGlobal
